// !$*UTF8*$!
{
	archiveVersion = 1;
	classes = {
	};
	objectVersion = 56;
	objects = {

/* Begin PBXBuildFile section */
		F70620D529ED26CB0021E32A /* HomeView.swift in Sources */ = {isa = PBXBuildFile; fileRef = F70620D429ED26CB0021E32A /* HomeView.swift */; };
		F70620DB29ED469D0021E32A /* SettingsView.swift in Sources */ = {isa = PBXBuildFile; fileRef = F70620DA29ED469D0021E32A /* SettingsView.swift */; };
		F70620DE29ED6C8B0021E32A /* NavigationBarView.swift in Sources */ = {isa = PBXBuildFile; fileRef = F70620DD29ED6C8A0021E32A /* NavigationBarView.swift */; };
		F73FC9FC29EBC0C800F969ED /* MyTodoApp.swift in Sources */ = {isa = PBXBuildFile; fileRef = F73FC9FB29EBC0C800F969ED /* MyTodoApp.swift */; };
		F73FC9FE29EBC0C800F969ED /* TodoView.swift in Sources */ = {isa = PBXBuildFile; fileRef = F73FC9FD29EBC0C800F969ED /* TodoView.swift */; };
		F73FCA0029EBC0CA00F969ED /* Assets.xcassets in Resources */ = {isa = PBXBuildFile; fileRef = F73FC9FF29EBC0CA00F969ED /* Assets.xcassets */; };
		F73FCA0429EBC0CA00F969ED /* Preview Assets.xcassets in Resources */ = {isa = PBXBuildFile; fileRef = F73FCA0329EBC0CA00F969ED /* Preview Assets.xcassets */; };
		F7AC6DCB29F66281009B5560 /* TimeUtils.swift in Sources */ = {isa = PBXBuildFile; fileRef = F7AC6DCA29F66281009B5560 /* TimeUtils.swift */; };
		F7AC6DCD29F67286009B5560 /* .gitignore in Resources */ = {isa = PBXBuildFile; fileRef = F7AC6DCC29F67286009B5560 /* .gitignore */; };
		F7AC6DCF29F672C1009B5560 /* LICENSE in Resources */ = {isa = PBXBuildFile; fileRef = F7AC6DCE29F672C1009B5560 /* LICENSE */; };
		F7D3090C29EE43CE005C210B /* CoreDataManager.swift in Sources */ = {isa = PBXBuildFile; fileRef = F7D3090B29EE43CE005C210B /* CoreDataManager.swift */; };
		F7D3090F29EE5938005C210B /* TodoViewModel.swift in Sources */ = {isa = PBXBuildFile; fileRef = F7D3090E29EE5938005C210B /* TodoViewModel.swift */; };
		F7F85AAC29F2B91A00FA2193 /* MyTodo.xcdatamodeld in Sources */ = {isa = PBXBuildFile; fileRef = F7F85AAA29F2B91A00FA2193 /* MyTodo.xcdatamodeld */; };
		F7FF1A8729F2565900F51547 /* TodoModel.swift in Sources */ = {isa = PBXBuildFile; fileRef = F7FF1A8629F2565900F51547 /* TodoModel.swift */; };
		F7FF1A8A29F258A400F51547 /* HapticManager.swift in Sources */ = {isa = PBXBuildFile; fileRef = F7FF1A8929F258A400F51547 /* HapticManager.swift */; };
/* End PBXBuildFile section */

/* Begin PBXFileReference section */
		F70620D429ED26CB0021E32A /* HomeView.swift */ = {isa = PBXFileReference; lastKnownFileType = sourcecode.swift; path = HomeView.swift; sourceTree = "<group>"; };
		F70620DA29ED469D0021E32A /* SettingsView.swift */ = {isa = PBXFileReference; lastKnownFileType = sourcecode.swift; path = SettingsView.swift; sourceTree = "<group>"; };
		F70620DD29ED6C8A0021E32A /* NavigationBarView.swift */ = {isa = PBXFileReference; lastKnownFileType = sourcecode.swift; path = NavigationBarView.swift; sourceTree = "<group>"; };
		F73FC9F829EBC0C800F969ED /* MyTodo.app */ = {isa = PBXFileReference; explicitFileType = wrapper.application; includeInIndex = 0; path = MyTodo.app; sourceTree = BUILT_PRODUCTS_DIR; };
		F73FC9FB29EBC0C800F969ED /* MyTodoApp.swift */ = {isa = PBXFileReference; lastKnownFileType = sourcecode.swift; path = MyTodoApp.swift; sourceTree = "<group>"; };
		F73FC9FD29EBC0C800F969ED /* TodoView.swift */ = {isa = PBXFileReference; lastKnownFileType = sourcecode.swift; path = TodoView.swift; sourceTree = "<group>"; };
		F73FC9FF29EBC0CA00F969ED /* Assets.xcassets */ = {isa = PBXFileReference; lastKnownFileType = folder.assetcatalog; path = Assets.xcassets; sourceTree = "<group>"; };
		F73FCA0129EBC0CA00F969ED /* MyTodo.entitlements */ = {isa = PBXFileReference; lastKnownFileType = text.plist.entitlements; path = MyTodo.entitlements; sourceTree = "<group>"; };
		F73FCA0329EBC0CA00F969ED /* Preview Assets.xcassets */ = {isa = PBXFileReference; lastKnownFileType = folder.assetcatalog; path = "Preview Assets.xcassets"; sourceTree = "<group>"; };
		F7AC6DCA29F66281009B5560 /* TimeUtils.swift */ = {isa = PBXFileReference; lastKnownFileType = sourcecode.swift; path = TimeUtils.swift; sourceTree = "<group>"; };
		F7AC6DCC29F67286009B5560 /* .gitignore */ = {isa = PBXFileReference; lastKnownFileType = text; path = .gitignore; sourceTree = "<group>"; };
		F7AC6DCE29F672C1009B5560 /* LICENSE */ = {isa = PBXFileReference; lastKnownFileType = text; path = LICENSE; sourceTree = "<group>"; };
		F7D3090B29EE43CE005C210B /* CoreDataManager.swift */ = {isa = PBXFileReference; lastKnownFileType = sourcecode.swift; path = CoreDataManager.swift; sourceTree = "<group>"; };
		F7D3090E29EE5938005C210B /* TodoViewModel.swift */ = {isa = PBXFileReference; lastKnownFileType = sourcecode.swift; path = TodoViewModel.swift; sourceTree = "<group>"; };
		F7F85AAB29F2B91A00FA2193 /* MyTodo.xcdatamodel */ = {isa = PBXFileReference; lastKnownFileType = wrapper.xcdatamodel; path = MyTodo.xcdatamodel; sourceTree = "<group>"; };
		F7FF1A8629F2565900F51547 /* TodoModel.swift */ = {isa = PBXFileReference; lastKnownFileType = sourcecode.swift; path = TodoModel.swift; sourceTree = "<group>"; };
		F7FF1A8929F258A400F51547 /* HapticManager.swift */ = {isa = PBXFileReference; lastKnownFileType = sourcecode.swift; path = HapticManager.swift; sourceTree = "<group>"; };
/* End PBXFileReference section */

/* Begin PBXFrameworksBuildPhase section */
		F73FC9F529EBC0C800F969ED /* Frameworks */ = {
			isa = PBXFrameworksBuildPhase;
			buildActionMask = 2147483647;
			files = (
			);
			runOnlyForDeploymentPostprocessing = 0;
		};
/* End PBXFrameworksBuildPhase section */

/* Begin PBXGroup section */
		F70620DC29ED6C650021E32A /* Components */ = {
			isa = PBXGroup;
			children = (
				F70620DD29ED6C8A0021E32A /* NavigationBarView.swift */,
			);
			path = Components;
			sourceTree = "<group>";
		};
		F73FC9EF29EBC0C800F969ED = {
			isa = PBXGroup;
			children = (
				F7AC6DC929F63136009B5560 /* MyTodo */,
				F73FC9F929EBC0C800F969ED /* Products */,
			);
			sourceTree = "<group>";
		};
		F73FC9F929EBC0C800F969ED /* Products */ = {
			isa = PBXGroup;
			children = (
				F73FC9F829EBC0C800F969ED /* MyTodo.app */,
			);
			name = Products;
			sourceTree = "<group>";
		};
		F73FCA0229EBC0CA00F969ED /* Preview Content */ = {
			isa = PBXGroup;
			children = (
				F73FCA0329EBC0CA00F969ED /* Preview Assets.xcassets */,
			);
			path = "Preview Content";
			sourceTree = "<group>";
		};
		F73FCA0D29EBC16200F969ED /* View */ = {
			isa = PBXGroup;
			children = (
				F70620DC29ED6C650021E32A /* Components */,
				F70620D429ED26CB0021E32A /* HomeView.swift */,
				F73FC9FD29EBC0C800F969ED /* TodoView.swift */,
				F70620DA29ED469D0021E32A /* SettingsView.swift */,
			);
			path = View;
			sourceTree = "<group>";
		};
		F7AC6DC929F63136009B5560 /* MyTodo */ = {
			isa = PBXGroup;
			children = (
				F7FF1A8529F2564000F51547 /* Model */,
				F73FCA0D29EBC16200F969ED /* View */,
				F7D3090D29EE53F7005C210B /* ViewModel */,
				F7FF1A8829F2582500F51547 /* Tools */,
				F73FCA0229EBC0CA00F969ED /* Preview Content */,
				F7F85AAA29F2B91A00FA2193 /* MyTodo.xcdatamodeld */,
				F73FC9FB29EBC0C800F969ED /* MyTodoApp.swift */,
				F73FC9FF29EBC0CA00F969ED /* Assets.xcassets */,
				F73FCA0129EBC0CA00F969ED /* MyTodo.entitlements */,
				F7AC6DCC29F67286009B5560 /* .gitignore */,
				F7AC6DCE29F672C1009B5560 /* LICENSE */,
			);
			path = MyTodo;
			sourceTree = "<group>";
		};
		F7D3090D29EE53F7005C210B /* ViewModel */ = {
			isa = PBXGroup;
			children = (
				F7D3090E29EE5938005C210B /* TodoViewModel.swift */,
			);
			path = ViewModel;
			sourceTree = "<group>";
		};
		F7FF1A8529F2564000F51547 /* Model */ = {
			isa = PBXGroup;
			children = (
				F7FF1A8629F2565900F51547 /* TodoModel.swift */,
			);
			path = Model;
			sourceTree = "<group>";
		};
		F7FF1A8829F2582500F51547 /* Tools */ = {
			isa = PBXGroup;
			children = (
				F7D3090B29EE43CE005C210B /* CoreDataManager.swift */,
				F7FF1A8929F258A400F51547 /* HapticManager.swift */,
				F7AC6DCA29F66281009B5560 /* TimeUtils.swift */,
			);
			path = Tools;
			sourceTree = "<group>";
		};
/* End PBXGroup section */

/* Begin PBXNativeTarget section */
		F73FC9F729EBC0C800F969ED /* MyTodo */ = {
			isa = PBXNativeTarget;
			buildConfigurationList = F73FCA0729EBC0CA00F969ED /* Build configuration list for PBXNativeTarget "MyTodo" */;
			buildPhases = (
				F73FC9F429EBC0C800F969ED /* Sources */,
				F73FC9F529EBC0C800F969ED /* Frameworks */,
				F73FC9F629EBC0C800F969ED /* Resources */,
			);
			buildRules = (
			);
			dependencies = (
			);
			name = MyTodo;
			productName = MyTodo;
			productReference = F73FC9F829EBC0C800F969ED /* MyTodo.app */;
			productType = "com.apple.product-type.application";
		};
/* End PBXNativeTarget section */

/* Begin PBXProject section */
		F73FC9F029EBC0C800F969ED /* Project object */ = {
			isa = PBXProject;
			attributes = {
				BuildIndependentTargetsInParallel = 1;
				LastSwiftUpdateCheck = 1430;
				LastUpgradeCheck = 1430;
				TargetAttributes = {
					F73FC9F729EBC0C800F969ED = {
						CreatedOnToolsVersion = 14.3;
					};
				};
			};
			buildConfigurationList = F73FC9F329EBC0C800F969ED /* Build configuration list for PBXProject "MyTodo" */;
			compatibilityVersion = "Xcode 14.0";
			developmentRegion = en;
			hasScannedForEncodings = 0;
			knownRegions = (
				en,
				Base,
			);
			mainGroup = F73FC9EF29EBC0C800F969ED;
			productRefGroup = F73FC9F929EBC0C800F969ED /* Products */;
			projectDirPath = "";
			projectRoot = "";
			targets = (
				F73FC9F729EBC0C800F969ED /* MyTodo */,
			);
		};
/* End PBXProject section */

/* Begin PBXResourcesBuildPhase section */
		F73FC9F629EBC0C800F969ED /* Resources */ = {
			isa = PBXResourcesBuildPhase;
			buildActionMask = 2147483647;
			files = (
				F73FCA0429EBC0CA00F969ED /* Preview Assets.xcassets in Resources */,
				F7AC6DCD29F67286009B5560 /* .gitignore in Resources */,
				F7AC6DCF29F672C1009B5560 /* LICENSE in Resources */,
				F73FCA0029EBC0CA00F969ED /* Assets.xcassets in Resources */,
			);
			runOnlyForDeploymentPostprocessing = 0;
		};
/* End PBXResourcesBuildPhase section */

/* Begin PBXSourcesBuildPhase section */
		F73FC9F429EBC0C800F969ED /* Sources */ = {
			isa = PBXSourcesBuildPhase;
			buildActionMask = 2147483647;
			files = (
				F7FF1A8729F2565900F51547 /* TodoModel.swift in Sources */,
				F70620DB29ED469D0021E32A /* SettingsView.swift in Sources */,
				F73FC9FE29EBC0C800F969ED /* TodoView.swift in Sources */,
				F7AC6DCB29F66281009B5560 /* TimeUtils.swift in Sources */,
				F70620DE29ED6C8B0021E32A /* NavigationBarView.swift in Sources */,
				F73FC9FC29EBC0C800F969ED /* MyTodoApp.swift in Sources */,
				F7FF1A8A29F258A400F51547 /* HapticManager.swift in Sources */,
				F70620D529ED26CB0021E32A /* HomeView.swift in Sources */,
				F7D3090F29EE5938005C210B /* TodoViewModel.swift in Sources */,
				F7D3090C29EE43CE005C210B /* CoreDataManager.swift in Sources */,
				F7F85AAC29F2B91A00FA2193 /* MyTodo.xcdatamodeld in Sources */,
			);
			runOnlyForDeploymentPostprocessing = 0;
		};
/* End PBXSourcesBuildPhase section */

/* Begin XCBuildConfiguration section */
		F73FCA0529EBC0CA00F969ED /* Debug */ = {
			isa = XCBuildConfiguration;
			buildSettings = {
				ALWAYS_SEARCH_USER_PATHS = NO;
				CLANG_ANALYZER_NONNULL = YES;
				CLANG_ANALYZER_NUMBER_OBJECT_CONVERSION = YES_AGGRESSIVE;
				CLANG_CXX_LANGUAGE_STANDARD = "gnu++20";
				CLANG_ENABLE_MODULES = YES;
				CLANG_ENABLE_OBJC_ARC = YES;
				CLANG_ENABLE_OBJC_WEAK = YES;
				CLANG_WARN_BLOCK_CAPTURE_AUTORELEASING = YES;
				CLANG_WARN_BOOL_CONVERSION = YES;
				CLANG_WARN_COMMA = YES;
				CLANG_WARN_CONSTANT_CONVERSION = YES;
				CLANG_WARN_DEPRECATED_OBJC_IMPLEMENTATIONS = YES;
				CLANG_WARN_DIRECT_OBJC_ISA_USAGE = YES_ERROR;
				CLANG_WARN_DOCUMENTATION_COMMENTS = YES;
				CLANG_WARN_EMPTY_BODY = YES;
				CLANG_WARN_ENUM_CONVERSION = YES;
				CLANG_WARN_INFINITE_RECURSION = YES;
				CLANG_WARN_INT_CONVERSION = YES;
				CLANG_WARN_NON_LITERAL_NULL_CONVERSION = YES;
				CLANG_WARN_OBJC_IMPLICIT_RETAIN_SELF = YES;
				CLANG_WARN_OBJC_LITERAL_CONVERSION = YES;
				CLANG_WARN_OBJC_ROOT_CLASS = YES_ERROR;
				CLANG_WARN_QUOTED_INCLUDE_IN_FRAMEWORK_HEADER = YES;
				CLANG_WARN_RANGE_LOOP_ANALYSIS = YES;
				CLANG_WARN_STRICT_PROTOTYPES = YES;
				CLANG_WARN_SUSPICIOUS_MOVE = YES;
				CLANG_WARN_UNGUARDED_AVAILABILITY = YES_AGGRESSIVE;
				CLANG_WARN_UNREACHABLE_CODE = YES;
				CLANG_WARN__DUPLICATE_METHOD_MATCH = YES;
				COPY_PHASE_STRIP = NO;
				DEAD_CODE_STRIPPING = YES;
				DEBUG_INFORMATION_FORMAT = dwarf;
				ENABLE_STRICT_OBJC_MSGSEND = YES;
				ENABLE_TESTABILITY = YES;
				GCC_C_LANGUAGE_STANDARD = gnu11;
				GCC_DYNAMIC_NO_PIC = NO;
				GCC_NO_COMMON_BLOCKS = YES;
				GCC_OPTIMIZATION_LEVEL = 0;
				GCC_PREPROCESSOR_DEFINITIONS = (
					"DEBUG=1",
					"$(inherited)",
				);
				GCC_WARN_64_TO_32_BIT_CONVERSION = YES;
				GCC_WARN_ABOUT_RETURN_TYPE = YES_ERROR;
				GCC_WARN_UNDECLARED_SELECTOR = YES;
				GCC_WARN_UNINITIALIZED_AUTOS = YES_AGGRESSIVE;
				GCC_WARN_UNUSED_FUNCTION = YES;
				GCC_WARN_UNUSED_VARIABLE = YES;
				MTL_ENABLE_DEBUG_INFO = INCLUDE_SOURCE;
				MTL_FAST_MATH = YES;
				ONLY_ACTIVE_ARCH = YES;
				SWIFT_ACTIVE_COMPILATION_CONDITIONS = DEBUG;
				SWIFT_OPTIMIZATION_LEVEL = "-Onone";
			};
			name = Debug;
		};
		F73FCA0629EBC0CA00F969ED /* Release */ = {
			isa = XCBuildConfiguration;
			buildSettings = {
				ALWAYS_SEARCH_USER_PATHS = NO;
				CLANG_ANALYZER_NONNULL = YES;
				CLANG_ANALYZER_NUMBER_OBJECT_CONVERSION = YES_AGGRESSIVE;
				CLANG_CXX_LANGUAGE_STANDARD = "gnu++20";
				CLANG_ENABLE_MODULES = YES;
				CLANG_ENABLE_OBJC_ARC = YES;
				CLANG_ENABLE_OBJC_WEAK = YES;
				CLANG_WARN_BLOCK_CAPTURE_AUTORELEASING = YES;
				CLANG_WARN_BOOL_CONVERSION = YES;
				CLANG_WARN_COMMA = YES;
				CLANG_WARN_CONSTANT_CONVERSION = YES;
				CLANG_WARN_DEPRECATED_OBJC_IMPLEMENTATIONS = YES;
				CLANG_WARN_DIRECT_OBJC_ISA_USAGE = YES_ERROR;
				CLANG_WARN_DOCUMENTATION_COMMENTS = YES;
				CLANG_WARN_EMPTY_BODY = YES;
				CLANG_WARN_ENUM_CONVERSION = YES;
				CLANG_WARN_INFINITE_RECURSION = YES;
				CLANG_WARN_INT_CONVERSION = YES;
				CLANG_WARN_NON_LITERAL_NULL_CONVERSION = YES;
				CLANG_WARN_OBJC_IMPLICIT_RETAIN_SELF = YES;
				CLANG_WARN_OBJC_LITERAL_CONVERSION = YES;
				CLANG_WARN_OBJC_ROOT_CLASS = YES_ERROR;
				CLANG_WARN_QUOTED_INCLUDE_IN_FRAMEWORK_HEADER = YES;
				CLANG_WARN_RANGE_LOOP_ANALYSIS = YES;
				CLANG_WARN_STRICT_PROTOTYPES = YES;
				CLANG_WARN_SUSPICIOUS_MOVE = YES;
				CLANG_WARN_UNGUARDED_AVAILABILITY = YES_AGGRESSIVE;
				CLANG_WARN_UNREACHABLE_CODE = YES;
				CLANG_WARN__DUPLICATE_METHOD_MATCH = YES;
				COPY_PHASE_STRIP = NO;
				DEAD_CODE_STRIPPING = YES;
				DEBUG_INFORMATION_FORMAT = "dwarf-with-dsym";
				ENABLE_NS_ASSERTIONS = NO;
				ENABLE_STRICT_OBJC_MSGSEND = YES;
				GCC_C_LANGUAGE_STANDARD = gnu11;
				GCC_NO_COMMON_BLOCKS = YES;
				GCC_WARN_64_TO_32_BIT_CONVERSION = YES;
				GCC_WARN_ABOUT_RETURN_TYPE = YES_ERROR;
				GCC_WARN_UNDECLARED_SELECTOR = YES;
				GCC_WARN_UNINITIALIZED_AUTOS = YES_AGGRESSIVE;
				GCC_WARN_UNUSED_FUNCTION = YES;
				GCC_WARN_UNUSED_VARIABLE = YES;
				MTL_ENABLE_DEBUG_INFO = NO;
				MTL_FAST_MATH = YES;
				SWIFT_COMPILATION_MODE = wholemodule;
				SWIFT_OPTIMIZATION_LEVEL = "-O";
			};
			name = Release;
		};
		F73FCA0829EBC0CA00F969ED /* Debug */ = {
			isa = XCBuildConfiguration;
			buildSettings = {
				ASSETCATALOG_COMPILER_APPICON_NAME = AppIcon;
				ASSETCATALOG_COMPILER_GLOBAL_ACCENT_COLOR_NAME = AccentColor;
				CODE_SIGN_ENTITLEMENTS = MyTodo/MyTodo.entitlements;
				CODE_SIGN_STYLE = Automatic;
				CURRENT_PROJECT_VERSION = 1;
				DEAD_CODE_STRIPPING = YES;
				DEVELOPMENT_ASSET_PATHS = "\"MyTodo/Preview Content\"";
				DEVELOPMENT_TEAM = 4584CADV44;
				ENABLE_HARDENED_RUNTIME = YES;
				ENABLE_PREVIEWS = YES;
				GENERATE_INFOPLIST_FILE = YES;
				INFOPLIST_KEY_LSApplicationCategoryType = "public.app-category.utilities";
				"INFOPLIST_KEY_UIApplicationSceneManifest_Generation[sdk=iphoneos*]" = YES;
				"INFOPLIST_KEY_UIApplicationSceneManifest_Generation[sdk=iphonesimulator*]" = YES;
				"INFOPLIST_KEY_UIApplicationSupportsIndirectInputEvents[sdk=iphoneos*]" = YES;
				"INFOPLIST_KEY_UIApplicationSupportsIndirectInputEvents[sdk=iphonesimulator*]" = YES;
				"INFOPLIST_KEY_UILaunchScreen_Generation[sdk=iphoneos*]" = YES;
				"INFOPLIST_KEY_UILaunchScreen_Generation[sdk=iphonesimulator*]" = YES;
				"INFOPLIST_KEY_UIStatusBarStyle[sdk=iphoneos*]" = UIStatusBarStyleDefault;
				"INFOPLIST_KEY_UIStatusBarStyle[sdk=iphonesimulator*]" = UIStatusBarStyleDefault;
				INFOPLIST_KEY_UISupportedInterfaceOrientations_iPad = "UIInterfaceOrientationPortrait UIInterfaceOrientationPortraitUpsideDown UIInterfaceOrientationLandscapeLeft UIInterfaceOrientationLandscapeRight";
				INFOPLIST_KEY_UISupportedInterfaceOrientations_iPhone = "UIInterfaceOrientationPortrait UIInterfaceOrientationLandscapeLeft UIInterfaceOrientationLandscapeRight";
				IPHONEOS_DEPLOYMENT_TARGET = 15.0;
				LD_RUNPATH_SEARCH_PATHS = "@executable_path/Frameworks";
				"LD_RUNPATH_SEARCH_PATHS[sdk=macosx*]" = "@executable_path/../Frameworks";
				MACOSX_DEPLOYMENT_TARGET = 12.0;
				MARKETING_VERSION = 1.0;
				PRODUCT_BUNDLE_IDENTIFIER = com.jy.MyTodo;
				PRODUCT_NAME = "$(TARGET_NAME)";
				SDKROOT = auto;
				SUPPORTED_PLATFORMS = "iphoneos iphonesimulator macosx";
				SWIFT_EMIT_LOC_STRINGS = YES;
				SWIFT_VERSION = 5.0;
				TARGETED_DEVICE_FAMILY = "1,2";
			};
			name = Debug;
		};
		F73FCA0929EBC0CA00F969ED /* Release */ = {
			isa = XCBuildConfiguration;
			buildSettings = {
				ASSETCATALOG_COMPILER_APPICON_NAME = AppIcon;
				ASSETCATALOG_COMPILER_GLOBAL_ACCENT_COLOR_NAME = AccentColor;
				CODE_SIGN_ENTITLEMENTS = MyTodo/MyTodo.entitlements;
				CODE_SIGN_STYLE = Automatic;
				CURRENT_PROJECT_VERSION = 1;
				DEAD_CODE_STRIPPING = YES;
				DEVELOPMENT_ASSET_PATHS = "\"MyTodo/Preview Content\"";
				DEVELOPMENT_TEAM = 4584CADV44;
				ENABLE_HARDENED_RUNTIME = YES;
				ENABLE_PREVIEWS = YES;
				GENERATE_INFOPLIST_FILE = YES;
				INFOPLIST_KEY_LSApplicationCategoryType = "public.app-category.utilities";
				"INFOPLIST_KEY_UIApplicationSceneManifest_Generation[sdk=iphoneos*]" = YES;
				"INFOPLIST_KEY_UIApplicationSceneManifest_Generation[sdk=iphonesimulator*]" = YES;
				"INFOPLIST_KEY_UIApplicationSupportsIndirectInputEvents[sdk=iphoneos*]" = YES;
				"INFOPLIST_KEY_UIApplicationSupportsIndirectInputEvents[sdk=iphonesimulator*]" = YES;
				"INFOPLIST_KEY_UILaunchScreen_Generation[sdk=iphoneos*]" = YES;
				"INFOPLIST_KEY_UILaunchScreen_Generation[sdk=iphonesimulator*]" = YES;
				"INFOPLIST_KEY_UIStatusBarStyle[sdk=iphoneos*]" = UIStatusBarStyleDefault;
				"INFOPLIST_KEY_UIStatusBarStyle[sdk=iphonesimulator*]" = UIStatusBarStyleDefault;
				INFOPLIST_KEY_UISupportedInterfaceOrientations_iPad = "UIInterfaceOrientationPortrait UIInterfaceOrientationPortraitUpsideDown UIInterfaceOrientationLandscapeLeft UIInterfaceOrientationLandscapeRight";
				INFOPLIST_KEY_UISupportedInterfaceOrientations_iPhone = "UIInterfaceOrientationPortrait UIInterfaceOrientationLandscapeLeft UIInterfaceOrientationLandscapeRight";
				IPHONEOS_DEPLOYMENT_TARGET = 15.0;
				LD_RUNPATH_SEARCH_PATHS = "@executable_path/Frameworks";
				"LD_RUNPATH_SEARCH_PATHS[sdk=macosx*]" = "@executable_path/../Frameworks";
				MACOSX_DEPLOYMENT_TARGET = 12.0;
				MARKETING_VERSION = 1.0;
				PRODUCT_BUNDLE_IDENTIFIER = com.jy.MyTodo;
				PRODUCT_NAME = "$(TARGET_NAME)";
				SDKROOT = auto;
				SUPPORTED_PLATFORMS = "iphoneos iphonesimulator macosx";
				SWIFT_EMIT_LOC_STRINGS = YES;
				SWIFT_VERSION = 5.0;
				TARGETED_DEVICE_FAMILY = "1,2";
			};
			name = Release;
		};
/* End XCBuildConfiguration section */

/* Begin XCConfigurationList section */
		F73FC9F329EBC0C800F969ED /* Build configuration list for PBXProject "MyTodo" */ = {
			isa = XCConfigurationList;
			buildConfigurations = (
				F73FCA0529EBC0CA00F969ED /* Debug */,
				F73FCA0629EBC0CA00F969ED /* Release */,
			);
			defaultConfigurationIsVisible = 0;
			defaultConfigurationName = Release;
		};
		F73FCA0729EBC0CA00F969ED /* Build configuration list for PBXNativeTarget "MyTodo" */ = {
			isa = XCConfigurationList;
			buildConfigurations = (
				F73FCA0829EBC0CA00F969ED /* Debug */,
				F73FCA0929EBC0CA00F969ED /* Release */,
			);
			defaultConfigurationIsVisible = 0;
			defaultConfigurationName = Release;
		};
/* End XCConfigurationList section */

/* Begin XCVersionGroup section */
		F7F85AAA29F2B91A00FA2193 /* MyTodo.xcdatamodeld */ = {
			isa = XCVersionGroup;
			children = (
				F7F85AAB29F2B91A00FA2193 /* MyTodo.xcdatamodel */,
			);
			currentVersion = F7F85AAB29F2B91A00FA2193 /* MyTodo.xcdatamodel */;
			path = MyTodo.xcdatamodeld;
			sourceTree = "<group>";
			versionGroupType = wrapper.xcdatamodel;
		};
/* End XCVersionGroup section */
	};
	rootObject = F73FC9F029EBC0C800F969ED /* Project object */;
}
